{
  "name": "root",
  "requires": true,
  "lockfileVersion": 1,
  "dependencies": {
    "three": {
      "version": "0.125.2",
      "resolved": "https://registry.npmjs.org/three/-/three-0.125.2.tgz",
      "integrity": "sha512-7rIRO23jVKWcAPFdW/HREU2NZMGWPBZ4XwEMt0Ak0jwLUKVJhcKM55eCBWyGZq/KiQbeo1IeuAoo/9l2dzhTXA=="
    }
  }
}
